
Microsoft Visual Studio Solution File, Format Version 12.00
# Visual Studio Version 17
VisualStudioVersion = 17.0.31903.59
MinimumVisualStudioVersion = 10.0.40219.1
Project("{2150E333-8FDC-42A3-9474-1A3956D46DE8}") = "src", "src", "{827E0CD3-B72D-47B6-A68D-7590B98EB39B}"
EndProject
Project("{FAE04EC0-301F-11D3-BF4B-00C04F79EFBC}") = "Grapher.Core", "src\Grapher.Core\Grapher.Core.csproj", "{D341EF1B-DAE0-418F-8480-8A8BB59C771C}"
EndProject
Project("{FAE04EC0-301F-11D3-BF4B-00C04F79EFBC}") = "Grapher.Kompas", "src\Grapher.Kompas\Grapher.Kompas.csproj", "{AA03C265-557E-49D8-B363-6935971B65F1}"
EndProject
Project("{FAE04EC0-301F-11D3-BF4B-00C04F79EFBC}") = "Grapher.UI", "src\Grapher.UI\Grapher.UI.csproj", "{3E8DD1F0-2996-45E3-A240-82B7143521EA}"
EndProject
Project("{FAE04EC0-301F-11D3-BF4B-00C04F79EFBC}") = "Grapher.App", "src\Grapher.App\Grapher.App.csproj", "{34445CFB-4D43-47FA-8F3D-8609D839820B}"
EndProject
Project("{2150E333-8FDC-42A3-9474-1A3956D46DE8}") = "tests", "tests", "{0AB3BF05-4346-4AA6-1389-037BE0695223}"
EndProject
Project("{FAE04EC0-301F-11D3-BF4B-00C04F79EFBC}") = "Grapher.Core.Tests", "tests\Grapher.Core.Tests\Grapher.Core.Tests.csproj", "{C74D01D3-12B4-4DE8-A065-AB8ADEBC3C5E}"
EndProject
Project("{FAE04EC0-301F-11D3-BF4B-00C04F79EFBC}") = "Grapher.KompasLibrary", "src\Grapher.KompasLibrary\Grapher.KompasLibrary.csproj", "{AE9F8430-9694-4FB3-8DB5-BA37E0B0E2BA}"
EndProject
Global
	GlobalSection(SolutionConfigurationPlatforms) = preSolution
		Debug|Any CPU = Debug|Any CPU
		Debug|x64 = Debug|x64
		Debug|x86 = Debug|x86
		Release|Any CPU = Release|Any CPU
		Release|x64 = Release|x64
		Release|x86 = Release|x86
	EndGlobalSection
	GlobalSection(ProjectConfigurationPlatforms) = postSolution
		{D341EF1B-DAE0-418F-8480-8A8BB59C771C}.Debug|Any CPU.ActiveCfg = Debug|Any CPU
		{D341EF1B-DAE0-418F-8480-8A8BB59C771C}.Debug|Any CPU.Build.0 = Debug|Any CPU
		{D341EF1B-DAE0-418F-8480-8A8BB59C771C}.Debug|x64.ActiveCfg = Debug|Any CPU
		{D341EF1B-DAE0-418F-8480-8A8BB59C771C}.Debug|x64.Build.0 = Debug|Any CPU
		{D341EF1B-DAE0-418F-8480-8A8BB59C771C}.Debug|x86.ActiveCfg = Debug|Any CPU
		{D341EF1B-DAE0-418F-8480-8A8BB59C771C}.Debug|x86.Build.0 = Debug|Any CPU
		{D341EF1B-DAE0-418F-8480-8A8BB59C771C}.Release|Any CPU.ActiveCfg = Release|Any CPU
		{D341EF1B-DAE0-418F-8480-8A8BB59C771C}.Release|Any CPU.Build.0 = Release|Any CPU
		{D341EF1B-DAE0-418F-8480-8A8BB59C771C}.Release|x64.ActiveCfg = Release|Any CPU
		{D341EF1B-DAE0-418F-8480-8A8BB59C771C}.Release|x64.Build.0 = Release|Any CPU
		{D341EF1B-DAE0-418F-8480-8A8BB59C771C}.Release|x86.ActiveCfg = Release|Any CPU
		{D341EF1B-DAE0-418F-8480-8A8BB59C771C}.Release|x86.Build.0 = Release|Any CPU
		{AA03C265-557E-49D8-B363-6935971B65F1}.Debug|Any CPU.ActiveCfg = Debug|Any CPU
		{AA03C265-557E-49D8-B363-6935971B65F1}.Debug|Any CPU.Build.0 = Debug|Any CPU
		{AA03C265-557E-49D8-B363-6935971B65F1}.Debug|x64.ActiveCfg = Debug|Any CPU
		{AA03C265-557E-49D8-B363-6935971B65F1}.Debug|x64.Build.0 = Debug|Any CPU
		{AA03C265-557E-49D8-B363-6935971B65F1}.Debug|x86.ActiveCfg = Debug|Any CPU
		{AA03C265-557E-49D8-B363-6935971B65F1}.Debug|x86.Build.0 = Debug|Any CPU
		{AA03C265-557E-49D8-B363-6935971B65F1}.Release|Any CPU.ActiveCfg = Release|Any CPU
		{AA03C265-557E-49D8-B363-6935971B65F1}.Release|Any CPU.Build.0 = Release|Any CPU
		{AA03C265-557E-49D8-B363-6935971B65F1}.Release|x64.ActiveCfg = Release|Any CPU
		{AA03C265-557E-49D8-B363-6935971B65F1}.Release|x64.Build.0 = Release|Any CPU
		{AA03C265-557E-49D8-B363-6935971B65F1}.Release|x86.ActiveCfg = Release|Any CPU
		{AA03C265-557E-49D8-B363-6935971B65F1}.Release|x86.Build.0 = Release|Any CPU
		{3E8DD1F0-2996-45E3-A240-82B7143521EA}.Debug|Any CPU.ActiveCfg = Debug|Any CPU
		{3E8DD1F0-2996-45E3-A240-82B7143521EA}.Debug|Any CPU.Build.0 = Debug|Any CPU
		{3E8DD1F0-2996-45E3-A240-82B7143521EA}.Debug|x64.ActiveCfg = Debug|Any CPU
		{3E8DD1F0-2996-45E3-A240-82B7143521EA}.Debug|x64.Build.0 = Debug|Any CPU
		{3E8DD1F0-2996-45E3-A240-82B7143521EA}.Debug|x86.ActiveCfg = Debug|Any CPU
		{3E8DD1F0-2996-45E3-A240-82B7143521EA}.Debug|x86.Build.0 = Debug|Any CPU
		{3E8DD1F0-2996-45E3-A240-82B7143521EA}.Release|Any CPU.ActiveCfg = Release|Any CPU
		{3E8DD1F0-2996-45E3-A240-82B7143521EA}.Release|Any CPU.Build.0 = Release|Any CPU
		{3E8DD1F0-2996-45E3-A240-82B7143521EA}.Release|x64.ActiveCfg = Release|Any CPU
		{3E8DD1F0-2996-45E3-A240-82B7143521EA}.Release|x64.Build.0 = Release|Any CPU
		{3E8DD1F0-2996-45E3-A240-82B7143521EA}.Release|x86.ActiveCfg = Release|Any CPU
		{3E8DD1F0-2996-45E3-A240-82B7143521EA}.Release|x86.Build.0 = Release|Any CPU
		{34445CFB-4D43-47FA-8F3D-8609D839820B}.Debug|Any CPU.ActiveCfg = Debug|Any CPU
		{34445CFB-4D43-47FA-8F3D-8609D839820B}.Debug|Any CPU.Build.0 = Debug|Any CPU
		{34445CFB-4D43-47FA-8F3D-8609D839820B}.Debug|x64.ActiveCfg = Debug|Any CPU
		{34445CFB-4D43-47FA-8F3D-8609D839820B}.Debug|x64.Build.0 = Debug|Any CPU
		{34445CFB-4D43-47FA-8F3D-8609D839820B}.Debug|x86.ActiveCfg = Debug|Any CPU
		{34445CFB-4D43-47FA-8F3D-8609D839820B}.Debug|x86.Build.0 = Debug|Any CPU
		{34445CFB-4D43-47FA-8F3D-8609D839820B}.Release|Any CPU.ActiveCfg = Release|Any CPU
		{34445CFB-4D43-47FA-8F3D-8609D839820B}.Release|Any CPU.Build.0 = Release|Any CPU
		{34445CFB-4D43-47FA-8F3D-8609D839820B}.Release|x64.ActiveCfg = Release|Any CPU
		{34445CFB-4D43-47FA-8F3D-8609D839820B}.Release|x64.Build.0 = Release|Any CPU
		{34445CFB-4D43-47FA-8F3D-8609D839820B}.Release|x86.ActiveCfg = Release|Any CPU
		{34445CFB-4D43-47FA-8F3D-8609D839820B}.Release|x86.Build.0 = Release|Any CPU
		{C74D01D3-12B4-4DE8-A065-AB8ADEBC3C5E}.Debug|Any CPU.ActiveCfg = Debug|Any CPU
		{C74D01D3-12B4-4DE8-A065-AB8ADEBC3C5E}.Debug|Any CPU.Build.0 = Debug|Any CPU
		{C74D01D3-12B4-4DE8-A065-AB8ADEBC3C5E}.Debug|x64.ActiveCfg = Debug|Any CPU
		{C74D01D3-12B4-4DE8-A065-AB8ADEBC3C5E}.Debug|x64.Build.0 = Debug|Any CPU
		{C74D01D3-12B4-4DE8-A065-AB8ADEBC3C5E}.Debug|x86.ActiveCfg = Debug|Any CPU
		{C74D01D3-12B4-4DE8-A065-AB8ADEBC3C5E}.Debug|x86.Build.0 = Debug|Any CPU
		{C74D01D3-12B4-4DE8-A065-AB8ADEBC3C5E}.Release|Any CPU.ActiveCfg = Release|Any CPU
		{C74D01D3-12B4-4DE8-A065-AB8ADEBC3C5E}.Release|Any CPU.Build.0 = Release|Any CPU
		{C74D01D3-12B4-4DE8-A065-AB8ADEBC3C5E}.Release|x64.ActiveCfg = Release|Any CPU
		{C74D01D3-12B4-4DE8-A065-AB8ADEBC3C5E}.Release|x64.Build.0 = Release|Any CPU
		{C74D01D3-12B4-4DE8-A065-AB8ADEBC3C5E}.Release|x86.ActiveCfg = Release|Any CPU
		{C74D01D3-12B4-4DE8-A065-AB8ADEBC3C5E}.Release|x86.Build.0 = Release|Any CPU
		{AE9F8430-9694-4FB3-8DB5-BA37E0B0E2BA}.Debug|Any CPU.ActiveCfg = Debug|Any CPU
		{AE9F8430-9694-4FB3-8DB5-BA37E0B0E2BA}.Debug|Any CPU.Build.0 = Debug|Any CPU
		{AE9F8430-9694-4FB3-8DB5-BA37E0B0E2BA}.Debug|x64.ActiveCfg = Debug|Any CPU
		{AE9F8430-9694-4FB3-8DB5-BA37E0B0E2BA}.Debug|x64.Build.0 = Debug|Any CPU
		{AE9F8430-9694-4FB3-8DB5-BA37E0B0E2BA}.Debug|x86.ActiveCfg = Debug|Any CPU
		{AE9F8430-9694-4FB3-8DB5-BA37E0B0E2BA}.Debug|x86.Build.0 = Debug|Any CPU
		{AE9F8430-9694-4FB3-8DB5-BA37E0B0E2BA}.Release|Any CPU.ActiveCfg = Release|Any CPU
		{AE9F8430-9694-4FB3-8DB5-BA37E0B0E2BA}.Release|Any CPU.Build.0 = Release|Any CPU
		{AE9F8430-9694-4FB3-8DB5-BA37E0B0E2BA}.Release|x64.ActiveCfg = Release|Any CPU
		{AE9F8430-9694-4FB3-8DB5-BA37E0B0E2BA}.Release|x64.Build.0 = Release|Any CPU
		{AE9F8430-9694-4FB3-8DB5-BA37E0B0E2BA}.Release|x86.ActiveCfg = Release|Any CPU
		{AE9F8430-9694-4FB3-8DB5-BA37E0B0E2BA}.Release|x86.Build.0 = Release|Any CPU
	EndGlobalSection
	GlobalSection(SolutionProperties) = preSolution
		HideSolutionNode = FALSE
	EndGlobalSection
	GlobalSection(NestedProjects) = preSolution
		{D341EF1B-DAE0-418F-8480-8A8BB59C771C} = {827E0CD3-B72D-47B6-A68D-7590B98EB39B}
		{AA03C265-557E-49D8-B363-6935971B65F1} = {827E0CD3-B72D-47B6-A68D-7590B98EB39B}
		{3E8DD1F0-2996-45E3-A240-82B7143521EA} = {827E0CD3-B72D-47B6-A68D-7590B98EB39B}
		{34445CFB-4D43-47FA-8F3D-8609D839820B} = {827E0CD3-B72D-47B6-A68D-7590B98EB39B}
		{C74D01D3-12B4-4DE8-A065-AB8ADEBC3C5E} = {0AB3BF05-4346-4AA6-1389-037BE0695223}
		{AE9F8430-9694-4FB3-8DB5-BA37E0B0E2BA} = {827E0CD3-B72D-47B6-A68D-7590B98EB39B}
	EndGlobalSection
EndGlobal
